
Microsoft Visual Studio Solution File, Format Version 12.00
# Visual Studio Version 17
VisualStudioVersion = 17.7.34024.191
MinimumVisualStudioVersion = 10.0.40219.1
Project("{E53339B2-1760-4266-BCC7-CA923CBCF16C}") = "docker-compose", "docker-compose.dcproj", "{C524AFF0-C2D6-4183-AA7A-75EACA7E2F09}"
EndProject
Project("{9A19103F-16F7-4668-BE54-9A1E7A4F7556}") = "PatientAPI", "PatientAPI\PatientAPI\PatientAPI.csproj", "{0A5B6169-5AEC-482B-A4E1-067DDE68526D}"
EndProject
Project("{9A19103F-16F7-4668-BE54-9A1E7A4F7556}") = "ReportQueryAPI", "..\ReportQueryAPI\ReportQueryAPI\ReportQueryAPI\ReportQueryAPI.csproj", "{D93C855D-998C-4286-AFF8-8A2CA89B92EF}"
EndProject
Project("{9A19103F-16F7-4668-BE54-9A1E7A4F7556}") = "ReportQueryAPI.App", "..\ReportQueryAPI\ReportQueryAPI\ReportQueryAPI.App\ReportQueryAPI.App.csproj", "{154FECE3-5F99-454C-9020-8DE58B60344F}"
EndProject
Project("{9A19103F-16F7-4668-BE54-9A1E7A4F7556}") = "ReportQueryAPI.DAL", "..\ReportQueryAPI\ReportQueryAPI\ReportQueryAPI.DAL\ReportQueryAPI.DAL.csproj", "{FD878621-2314-436E-B18A-5563291290BA}"
EndProject
Project("{9A19103F-16F7-4668-BE54-9A1E7A4F7556}") = "ReportQueryAPI.Domain", "..\ReportQueryAPI\ReportQueryAPI\ReportQueryAPI.Domain\ReportQueryAPI.Domain.csproj", "{23A8485A-0D27-4D3F-8658-694CC603D9DE}"
EndProject
Global
	GlobalSection(SolutionConfigurationPlatforms) = preSolution
		Debug|Any CPU = Debug|Any CPU
		Release|Any CPU = Release|Any CPU
	EndGlobalSection
	GlobalSection(ProjectConfigurationPlatforms) = postSolution
		{C524AFF0-C2D6-4183-AA7A-75EACA7E2F09}.Debug|Any CPU.ActiveCfg = Debug|Any CPU
		{C524AFF0-C2D6-4183-AA7A-75EACA7E2F09}.Debug|Any CPU.Build.0 = Debug|Any CPU
		{C524AFF0-C2D6-4183-AA7A-75EACA7E2F09}.Release|Any CPU.ActiveCfg = Release|Any CPU
		{C524AFF0-C2D6-4183-AA7A-75EACA7E2F09}.Release|Any CPU.Build.0 = Release|Any CPU
		{0A5B6169-5AEC-482B-A4E1-067DDE68526D}.Debug|Any CPU.ActiveCfg = Debug|Any CPU
		{0A5B6169-5AEC-482B-A4E1-067DDE68526D}.Debug|Any CPU.Build.0 = Debug|Any CPU
		{0A5B6169-5AEC-482B-A4E1-067DDE68526D}.Release|Any CPU.ActiveCfg = Release|Any CPU
		{0A5B6169-5AEC-482B-A4E1-067DDE68526D}.Release|Any CPU.Build.0 = Release|Any CPU
		{D93C855D-998C-4286-AFF8-8A2CA89B92EF}.Debug|Any CPU.ActiveCfg = Debug|Any CPU
		{D93C855D-998C-4286-AFF8-8A2CA89B92EF}.Debug|Any CPU.Build.0 = Debug|Any CPU
		{D93C855D-998C-4286-AFF8-8A2CA89B92EF}.Release|Any CPU.ActiveCfg = Release|Any CPU
		{D93C855D-998C-4286-AFF8-8A2CA89B92EF}.Release|Any CPU.Build.0 = Release|Any CPU
		{154FECE3-5F99-454C-9020-8DE58B60344F}.Debug|Any CPU.ActiveCfg = Debug|Any CPU
		{154FECE3-5F99-454C-9020-8DE58B60344F}.Debug|Any CPU.Build.0 = Debug|Any CPU
		{154FECE3-5F99-454C-9020-8DE58B60344F}.Release|Any CPU.ActiveCfg = Release|Any CPU
		{154FECE3-5F99-454C-9020-8DE58B60344F}.Release|Any CPU.Build.0 = Release|Any CPU
		{FD878621-2314-436E-B18A-5563291290BA}.Debug|Any CPU.ActiveCfg = Debug|Any CPU
		{FD878621-2314-436E-B18A-5563291290BA}.Debug|Any CPU.Build.0 = Debug|Any CPU
		{FD878621-2314-436E-B18A-5563291290BA}.Release|Any CPU.ActiveCfg = Release|Any CPU
		{FD878621-2314-436E-B18A-5563291290BA}.Release|Any CPU.Build.0 = Release|Any CPU
		{23A8485A-0D27-4D3F-8658-694CC603D9DE}.Debug|Any CPU.ActiveCfg = Debug|Any CPU
		{23A8485A-0D27-4D3F-8658-694CC603D9DE}.Debug|Any CPU.Build.0 = Debug|Any CPU
		{23A8485A-0D27-4D3F-8658-694CC603D9DE}.Release|Any CPU.ActiveCfg = Release|Any CPU
		{23A8485A-0D27-4D3F-8658-694CC603D9DE}.Release|Any CPU.Build.0 = Release|Any CPU
	EndGlobalSection
	GlobalSection(SolutionProperties) = preSolution
		HideSolutionNode = FALSE
	EndGlobalSection
	GlobalSection(ExtensibilityGlobals) = postSolution
		SolutionGuid = {9C4B89DB-34B0-4A9B-81F3-A0D4AF9144A1}
	EndGlobalSection
EndGlobal
